
Microsoft Visual Studio Solution File, Format Version 12.00
# Visual Studio Version 16
VisualStudioVersion = 16.0.30907.101
MinimumVisualStudioVersion = 10.0.40219.1
Project("{FAE04EC0-301F-11D3-BF4B-00C04F79EFBC}") = "Buisness", "Buisness\Buisness.csproj", "{50DE9E65-867C-439A-ADB7-BB97D4A9516C}"
EndProject
Project("{FAE04EC0-301F-11D3-BF4B-00C04F79EFBC}") = "Entities", "Entities\Entities.csproj", "{8B217152-D428-4525-A41B-6EDC29F0AC43}"
EndProject
Project("{FAE04EC0-301F-11D3-BF4B-00C04F79EFBC}") = "DataAccess", "DataAccess\DataAccess.csproj", "{139AFD52-E805-4C95-90C1-827B9E7BF5F8}"
EndProject
Project("{FAE04EC0-301F-11D3-BF4B-00C04F79EFBC}") = "ConsoleUI", "ConsoleUI\ConsoleUI.csproj", "{33F89488-11F6-4B9F-8FAA-C194BC7DAE7E}"
EndProject
Global
	GlobalSection(SolutionConfigurationPlatforms) = preSolution
		Debug|Any CPU = Debug|Any CPU
		Release|Any CPU = Release|Any CPU
	EndGlobalSection
	GlobalSection(ProjectConfigurationPlatforms) = postSolution
		{50DE9E65-867C-439A-ADB7-BB97D4A9516C}.Debug|Any CPU.ActiveCfg = Debug|Any CPU
		{50DE9E65-867C-439A-ADB7-BB97D4A9516C}.Debug|Any CPU.Build.0 = Debug|Any CPU
		{50DE9E65-867C-439A-ADB7-BB97D4A9516C}.Release|Any CPU.ActiveCfg = Release|Any CPU
		{50DE9E65-867C-439A-ADB7-BB97D4A9516C}.Release|Any CPU.Build.0 = Release|Any CPU
		{8B217152-D428-4525-A41B-6EDC29F0AC43}.Debug|Any CPU.ActiveCfg = Debug|Any CPU
		{8B217152-D428-4525-A41B-6EDC29F0AC43}.Debug|Any CPU.Build.0 = Debug|Any CPU
		{8B217152-D428-4525-A41B-6EDC29F0AC43}.Release|Any CPU.ActiveCfg = Release|Any CPU
		{8B217152-D428-4525-A41B-6EDC29F0AC43}.Release|Any CPU.Build.0 = Release|Any CPU
		{139AFD52-E805-4C95-90C1-827B9E7BF5F8}.Debug|Any CPU.ActiveCfg = Debug|Any CPU
		{139AFD52-E805-4C95-90C1-827B9E7BF5F8}.Debug|Any CPU.Build.0 = Debug|Any CPU
		{139AFD52-E805-4C95-90C1-827B9E7BF5F8}.Release|Any CPU.ActiveCfg = Release|Any CPU
		{139AFD52-E805-4C95-90C1-827B9E7BF5F8}.Release|Any CPU.Build.0 = Release|Any CPU
		{33F89488-11F6-4B9F-8FAA-C194BC7DAE7E}.Debug|Any CPU.ActiveCfg = Debug|Any CPU
		{33F89488-11F6-4B9F-8FAA-C194BC7DAE7E}.Debug|Any CPU.Build.0 = Debug|Any CPU
		{33F89488-11F6-4B9F-8FAA-C194BC7DAE7E}.Release|Any CPU.ActiveCfg = Release|Any CPU
		{33F89488-11F6-4B9F-8FAA-C194BC7DAE7E}.Release|Any CPU.Build.0 = Release|Any CPU
	EndGlobalSection
	GlobalSection(SolutionProperties) = preSolution
		HideSolutionNode = FALSE
	EndGlobalSection
	GlobalSection(ExtensibilityGlobals) = postSolution
		SolutionGuid = {D52570BE-834E-49B2-B2C2-BF020F882C3D}
	EndGlobalSection
EndGlobal
